
Microsoft Visual Studio Solution File, Format Version 12.00
# Visual Studio Version 16
VisualStudioVersion = 16.0.29009.5
MinimumVisualStudioVersion = 10.0.40219.1
Project("{2150E333-8FDC-42A3-9474-1A3956D46DE8}") = "Auth", "Auth", "{69B66E8F-A53B-4379-96B7-E10E6B48F70E}"
EndProject
Project("{9A19103F-16F7-4668-BE54-9A1E7A4F7556}") = "Auth.API", "Auth.API\Auth.API.csproj", "{3C85F422-9C30-4D5E-BFD8-BC7F26FDD267}"
EndProject
Project("{2150E333-8FDC-42A3-9474-1A3956D46DE8}") = "Common", "Common", "{6299F28E-E288-44EE-B3CF-6A00836FE701}"
EndProject
Project("{9A19103F-16F7-4668-BE54-9A1E7A4F7556}") = "Common.Core", "Common.Core\Common.Core.csproj", "{A2DB2309-BBB8-4145-AFAF-618A5A798C8A}"
EndProject
Project("{2150E333-8FDC-42A3-9474-1A3956D46DE8}") = "Services", "Services", "{8158344B-1068-4679-8E3F-4179ACBB2365}"
EndProject
Project("{2150E333-8FDC-42A3-9474-1A3956D46DE8}") = "Notifications", "Notifications", "{C57D2E7B-DC26-4B44-96B5-95C50AAC3234}"
EndProject
Project("{9A19103F-16F7-4668-BE54-9A1E7A4F7556}") = "Notifications.Email", "Notifications.Email\Notifications.Email.csproj", "{D3813C86-34EC-4CCD-AF54-DFEF474A1FA1}"
EndProject
Project("{9A19103F-16F7-4668-BE54-9A1E7A4F7556}") = "Auth.Data", "Auth.Data\Auth.Data.csproj", "{729A1623-1EAC-40DD-928E-568EB4CB20E5}"
EndProject
Project("{2150E333-8FDC-42A3-9474-1A3956D46DE8}") = "ApiGateways", "ApiGateways", "{CFECDF57-2706-4642-B309-35E834057846}"
EndProject
Project("{9A19103F-16F7-4668-BE54-9A1E7A4F7556}") = "Auth.ExternalProviders", "Auth.ExternalProviders\Auth.ExternalProviders.csproj", "{612855C7-526E-4F96-9367-1BDD1CC5F82B}"
EndProject
Project("{9A19103F-16F7-4668-BE54-9A1E7A4F7556}") = "Auth.Core", "Auth.Core\Auth.Core.csproj", "{04E506F9-90B8-43B8-9D9F-AE4D31D6F408}"
EndProject
Project("{2150E333-8FDC-42A3-9474-1A3956D46DE8}") = "Users", "Users", "{81CED806-EDEE-4F74-84EF-317E0E0FF1A3}"
EndProject
Project("{9A19103F-16F7-4668-BE54-9A1E7A4F7556}") = "Users.API", "Users.API\Users.API.csproj", "{0806AEC2-E9EF-4C80-855F-228FC2DEE5AA}"
EndProject
Project("{9A19103F-16F7-4668-BE54-9A1E7A4F7556}") = "Users.Core", "Users.Core\Users.Core.csproj", "{1A5602F9-9963-44DE-96A0-4D27259775C8}"
EndProject
Project("{9A19103F-16F7-4668-BE54-9A1E7A4F7556}") = "Users.Data", "Users.Data\Users.Data.csproj", "{D6D0EA53-2FA6-4CD5-90CE-6AF2680D16D3}"
EndProject
Project("{2150E333-8FDC-42A3-9474-1A3956D46DE8}") = "Communication", "Communication", "{573C185D-8535-4606-88CD-C77C44DF8E9A}"
EndProject
Project("{9A19103F-16F7-4668-BE54-9A1E7A4F7556}") = "Users.Services", "Users.Services\Users.Services.csproj", "{669069CB-978D-4BB3-8EEA-B37B6CCE82B6}"
EndProject
Project("{9A19103F-16F7-4668-BE54-9A1E7A4F7556}") = "ApiGateway.Web", "ApiGateway.Web\ApiGateway.Web.csproj", "{B6CD752D-B333-45DE-84A8-0A2E104B2144}"
EndProject
Project("{9A19103F-16F7-4668-BE54-9A1E7A4F7556}") = "Common.Networking", "Common.Networking\Common.Networking.csproj", "{F60D20DD-E6E7-4287-91C2-91094DB5019D}"
EndProject
Project("{2150E333-8FDC-42A3-9474-1A3956D46DE8}") = "Logging", "Logging", "{00DC8C32-66E7-4023-B48F-3A7D1461E10C}"
EndProject
Project("{9A19103F-16F7-4668-BE54-9A1E7A4F7556}") = "Common.Messaging", "Common.Messaging\Common.Messaging.csproj", "{D6D3CDCA-BB83-453A-86DF-5CE120A55207}"
EndProject
Global
	GlobalSection(SolutionConfigurationPlatforms) = preSolution
		Debug|Any CPU = Debug|Any CPU
		Release|Any CPU = Release|Any CPU
	EndGlobalSection
	GlobalSection(ProjectConfigurationPlatforms) = postSolution
		{3C85F422-9C30-4D5E-BFD8-BC7F26FDD267}.Debug|Any CPU.ActiveCfg = Debug|Any CPU
		{3C85F422-9C30-4D5E-BFD8-BC7F26FDD267}.Debug|Any CPU.Build.0 = Debug|Any CPU
		{3C85F422-9C30-4D5E-BFD8-BC7F26FDD267}.Release|Any CPU.ActiveCfg = Release|Any CPU
		{3C85F422-9C30-4D5E-BFD8-BC7F26FDD267}.Release|Any CPU.Build.0 = Release|Any CPU
		{A2DB2309-BBB8-4145-AFAF-618A5A798C8A}.Debug|Any CPU.ActiveCfg = Debug|Any CPU
		{A2DB2309-BBB8-4145-AFAF-618A5A798C8A}.Debug|Any CPU.Build.0 = Debug|Any CPU
		{A2DB2309-BBB8-4145-AFAF-618A5A798C8A}.Release|Any CPU.ActiveCfg = Release|Any CPU
		{A2DB2309-BBB8-4145-AFAF-618A5A798C8A}.Release|Any CPU.Build.0 = Release|Any CPU
		{D3813C86-34EC-4CCD-AF54-DFEF474A1FA1}.Debug|Any CPU.ActiveCfg = Debug|Any CPU
		{D3813C86-34EC-4CCD-AF54-DFEF474A1FA1}.Debug|Any CPU.Build.0 = Debug|Any CPU
		{D3813C86-34EC-4CCD-AF54-DFEF474A1FA1}.Release|Any CPU.ActiveCfg = Release|Any CPU
		{D3813C86-34EC-4CCD-AF54-DFEF474A1FA1}.Release|Any CPU.Build.0 = Release|Any CPU
		{729A1623-1EAC-40DD-928E-568EB4CB20E5}.Debug|Any CPU.ActiveCfg = Debug|Any CPU
		{729A1623-1EAC-40DD-928E-568EB4CB20E5}.Debug|Any CPU.Build.0 = Debug|Any CPU
		{729A1623-1EAC-40DD-928E-568EB4CB20E5}.Release|Any CPU.ActiveCfg = Release|Any CPU
		{729A1623-1EAC-40DD-928E-568EB4CB20E5}.Release|Any CPU.Build.0 = Release|Any CPU
		{612855C7-526E-4F96-9367-1BDD1CC5F82B}.Debug|Any CPU.ActiveCfg = Debug|Any CPU
		{612855C7-526E-4F96-9367-1BDD1CC5F82B}.Debug|Any CPU.Build.0 = Debug|Any CPU
		{612855C7-526E-4F96-9367-1BDD1CC5F82B}.Release|Any CPU.ActiveCfg = Release|Any CPU
		{612855C7-526E-4F96-9367-1BDD1CC5F82B}.Release|Any CPU.Build.0 = Release|Any CPU
		{04E506F9-90B8-43B8-9D9F-AE4D31D6F408}.Debug|Any CPU.ActiveCfg = Debug|Any CPU
		{04E506F9-90B8-43B8-9D9F-AE4D31D6F408}.Debug|Any CPU.Build.0 = Debug|Any CPU
		{04E506F9-90B8-43B8-9D9F-AE4D31D6F408}.Release|Any CPU.ActiveCfg = Release|Any CPU
		{04E506F9-90B8-43B8-9D9F-AE4D31D6F408}.Release|Any CPU.Build.0 = Release|Any CPU
		{0806AEC2-E9EF-4C80-855F-228FC2DEE5AA}.Debug|Any CPU.ActiveCfg = Debug|Any CPU
		{0806AEC2-E9EF-4C80-855F-228FC2DEE5AA}.Debug|Any CPU.Build.0 = Debug|Any CPU
		{0806AEC2-E9EF-4C80-855F-228FC2DEE5AA}.Release|Any CPU.ActiveCfg = Release|Any CPU
		{0806AEC2-E9EF-4C80-855F-228FC2DEE5AA}.Release|Any CPU.Build.0 = Release|Any CPU
		{1A5602F9-9963-44DE-96A0-4D27259775C8}.Debug|Any CPU.ActiveCfg = Debug|Any CPU
		{1A5602F9-9963-44DE-96A0-4D27259775C8}.Debug|Any CPU.Build.0 = Debug|Any CPU
		{1A5602F9-9963-44DE-96A0-4D27259775C8}.Release|Any CPU.ActiveCfg = Release|Any CPU
		{1A5602F9-9963-44DE-96A0-4D27259775C8}.Release|Any CPU.Build.0 = Release|Any CPU
		{D6D0EA53-2FA6-4CD5-90CE-6AF2680D16D3}.Debug|Any CPU.ActiveCfg = Debug|Any CPU
		{D6D0EA53-2FA6-4CD5-90CE-6AF2680D16D3}.Debug|Any CPU.Build.0 = Debug|Any CPU
		{D6D0EA53-2FA6-4CD5-90CE-6AF2680D16D3}.Release|Any CPU.ActiveCfg = Release|Any CPU
		{D6D0EA53-2FA6-4CD5-90CE-6AF2680D16D3}.Release|Any CPU.Build.0 = Release|Any CPU
		{669069CB-978D-4BB3-8EEA-B37B6CCE82B6}.Debug|Any CPU.ActiveCfg = Debug|Any CPU
		{669069CB-978D-4BB3-8EEA-B37B6CCE82B6}.Debug|Any CPU.Build.0 = Debug|Any CPU
		{669069CB-978D-4BB3-8EEA-B37B6CCE82B6}.Release|Any CPU.ActiveCfg = Release|Any CPU
		{669069CB-978D-4BB3-8EEA-B37B6CCE82B6}.Release|Any CPU.Build.0 = Release|Any CPU
		{B6CD752D-B333-45DE-84A8-0A2E104B2144}.Debug|Any CPU.ActiveCfg = Debug|Any CPU
		{B6CD752D-B333-45DE-84A8-0A2E104B2144}.Debug|Any CPU.Build.0 = Debug|Any CPU
		{B6CD752D-B333-45DE-84A8-0A2E104B2144}.Release|Any CPU.ActiveCfg = Release|Any CPU
		{B6CD752D-B333-45DE-84A8-0A2E104B2144}.Release|Any CPU.Build.0 = Release|Any CPU
		{F60D20DD-E6E7-4287-91C2-91094DB5019D}.Debug|Any CPU.ActiveCfg = Debug|Any CPU
		{F60D20DD-E6E7-4287-91C2-91094DB5019D}.Debug|Any CPU.Build.0 = Debug|Any CPU
		{F60D20DD-E6E7-4287-91C2-91094DB5019D}.Release|Any CPU.ActiveCfg = Release|Any CPU
		{F60D20DD-E6E7-4287-91C2-91094DB5019D}.Release|Any CPU.Build.0 = Release|Any CPU
		{D6D3CDCA-BB83-453A-86DF-5CE120A55207}.Debug|Any CPU.ActiveCfg = Debug|Any CPU
		{D6D3CDCA-BB83-453A-86DF-5CE120A55207}.Debug|Any CPU.Build.0 = Debug|Any CPU
		{D6D3CDCA-BB83-453A-86DF-5CE120A55207}.Release|Any CPU.ActiveCfg = Release|Any CPU
		{D6D3CDCA-BB83-453A-86DF-5CE120A55207}.Release|Any CPU.Build.0 = Release|Any CPU
	EndGlobalSection
	GlobalSection(SolutionProperties) = preSolution
		HideSolutionNode = FALSE
	EndGlobalSection
	GlobalSection(NestedProjects) = preSolution
		{69B66E8F-A53B-4379-96B7-E10E6B48F70E} = {8158344B-1068-4679-8E3F-4179ACBB2365}
		{3C85F422-9C30-4D5E-BFD8-BC7F26FDD267} = {69B66E8F-A53B-4379-96B7-E10E6B48F70E}
		{A2DB2309-BBB8-4145-AFAF-618A5A798C8A} = {6299F28E-E288-44EE-B3CF-6A00836FE701}
		{C57D2E7B-DC26-4B44-96B5-95C50AAC3234} = {8158344B-1068-4679-8E3F-4179ACBB2365}
		{D3813C86-34EC-4CCD-AF54-DFEF474A1FA1} = {C57D2E7B-DC26-4B44-96B5-95C50AAC3234}
		{729A1623-1EAC-40DD-928E-568EB4CB20E5} = {69B66E8F-A53B-4379-96B7-E10E6B48F70E}
		{612855C7-526E-4F96-9367-1BDD1CC5F82B} = {69B66E8F-A53B-4379-96B7-E10E6B48F70E}
		{04E506F9-90B8-43B8-9D9F-AE4D31D6F408} = {69B66E8F-A53B-4379-96B7-E10E6B48F70E}
		{81CED806-EDEE-4F74-84EF-317E0E0FF1A3} = {8158344B-1068-4679-8E3F-4179ACBB2365}
		{0806AEC2-E9EF-4C80-855F-228FC2DEE5AA} = {81CED806-EDEE-4F74-84EF-317E0E0FF1A3}
		{1A5602F9-9963-44DE-96A0-4D27259775C8} = {81CED806-EDEE-4F74-84EF-317E0E0FF1A3}
		{D6D0EA53-2FA6-4CD5-90CE-6AF2680D16D3} = {81CED806-EDEE-4F74-84EF-317E0E0FF1A3}
		{573C185D-8535-4606-88CD-C77C44DF8E9A} = {8158344B-1068-4679-8E3F-4179ACBB2365}
		{669069CB-978D-4BB3-8EEA-B37B6CCE82B6} = {81CED806-EDEE-4F74-84EF-317E0E0FF1A3}
		{B6CD752D-B333-45DE-84A8-0A2E104B2144} = {CFECDF57-2706-4642-B309-35E834057846}
		{F60D20DD-E6E7-4287-91C2-91094DB5019D} = {6299F28E-E288-44EE-B3CF-6A00836FE701}
		{00DC8C32-66E7-4023-B48F-3A7D1461E10C} = {8158344B-1068-4679-8E3F-4179ACBB2365}
		{D6D3CDCA-BB83-453A-86DF-5CE120A55207} = {6299F28E-E288-44EE-B3CF-6A00836FE701}
	EndGlobalSection
	GlobalSection(ExtensibilityGlobals) = postSolution
		SolutionGuid = {5A55E12F-D53C-4812-B29C-0DA814974DF0}
	EndGlobalSection
EndGlobal
