
Microsoft Visual Studio Solution File, Format Version 12.00
# Visual Studio Version 16
VisualStudioVersion = 16.0.29009.5
MinimumVisualStudioVersion = 10.0.40219.1
Project("{2150E333-8FDC-42A3-9474-1A3956D46DE8}") = "Authentication", "Authentication", "{69B66E8F-A53B-4379-96B7-E10E6B48F70E}"
EndProject
Project("{9A19103F-16F7-4668-BE54-9A1E7A4F7556}") = "Authentication", "Authentication\Authentication.csproj", "{3C85F422-9C30-4D5E-BFD8-BC7F26FDD267}"
EndProject
Project("{2150E333-8FDC-42A3-9474-1A3956D46DE8}") = "Common", "Common", "{6299F28E-E288-44EE-B3CF-6A00836FE701}"
EndProject
Project("{9A19103F-16F7-4668-BE54-9A1E7A4F7556}") = "Common.Core", "Common.Core\Common.Core.csproj", "{A2DB2309-BBB8-4145-AFAF-618A5A798C8A}"
EndProject
Project("{2150E333-8FDC-42A3-9474-1A3956D46DE8}") = "Services", "Services", "{8158344B-1068-4679-8E3F-4179ACBB2365}"
EndProject
Project("{9A19103F-16F7-4668-BE54-9A1E7A4F7556}") = "Accounts", "Accounts\Accounts.csproj", "{F35279F0-DF62-424C-93EE-36920EBECD64}"
EndProject
Project("{2150E333-8FDC-42A3-9474-1A3956D46DE8}") = "Accounts", "Accounts", "{90F40431-075C-481E-8CE7-956B0484745D}"
EndProject
Project("{9A19103F-16F7-4668-BE54-9A1E7A4F7556}") = "Accounts.Data", "Accounts.Data\Accounts.Data.csproj", "{D0406DE8-35F2-46B6-8428-FC232A932F78}"
EndProject
Project("{2150E333-8FDC-42A3-9474-1A3956D46DE8}") = "Notifications", "Notifications", "{C57D2E7B-DC26-4B44-96B5-95C50AAC3234}"
EndProject
Project("{9A19103F-16F7-4668-BE54-9A1E7A4F7556}") = "Notifications.Email", "Notifications.Email\Notifications.Email.csproj", "{D3813C86-34EC-4CCD-AF54-DFEF474A1FA1}"
EndProject
Project("{9A19103F-16F7-4668-BE54-9A1E7A4F7556}") = "Authentication.Data", "Authentication.Data\Authentication.Data.csproj", "{729A1623-1EAC-40DD-928E-568EB4CB20E5}"
EndProject
Project("{2150E333-8FDC-42A3-9474-1A3956D46DE8}") = "ApiGateways", "ApiGateways", "{CFECDF57-2706-4642-B309-35E834057846}"
EndProject
Project("{9A19103F-16F7-4668-BE54-9A1E7A4F7556}") = "AuthorizationApiGateway", "AuthorizationApiGateway\AuthorizationApiGateway.csproj", "{63E8B020-75BC-4648-BE02-CCE7F8E55361}"
EndProject
Project("{FAE04EC0-301F-11D3-BF4B-00C04F79EFBC}") = "UserRelationships", "UserRelationships\UserRelationships.csproj", "{3D7F2C07-1856-4DE8-895A-EC44F39C31C5}"
EndProject
Project("{2150E333-8FDC-42A3-9474-1A3956D46DE8}") = "UserRelationships", "UserRelationships", "{EAC27C84-0A97-447B-ABE9-CB895F24EF1E}"
EndProject
Project("{FAE04EC0-301F-11D3-BF4B-00C04F79EFBC}") = "UserRelationships.Data", "UserRelationships.Data\UserRelationships.Data.csproj", "{F71EBBFB-AEC7-486D-AF50-CD62DFAB72D7}"
EndProject
Global
	GlobalSection(SolutionConfigurationPlatforms) = preSolution
		Debug|Any CPU = Debug|Any CPU
		Release|Any CPU = Release|Any CPU
	EndGlobalSection
	GlobalSection(ProjectConfigurationPlatforms) = postSolution
		{3C85F422-9C30-4D5E-BFD8-BC7F26FDD267}.Debug|Any CPU.ActiveCfg = Debug|Any CPU
		{3C85F422-9C30-4D5E-BFD8-BC7F26FDD267}.Debug|Any CPU.Build.0 = Debug|Any CPU
		{3C85F422-9C30-4D5E-BFD8-BC7F26FDD267}.Release|Any CPU.ActiveCfg = Release|Any CPU
		{3C85F422-9C30-4D5E-BFD8-BC7F26FDD267}.Release|Any CPU.Build.0 = Release|Any CPU
		{A2DB2309-BBB8-4145-AFAF-618A5A798C8A}.Debug|Any CPU.ActiveCfg = Debug|Any CPU
		{A2DB2309-BBB8-4145-AFAF-618A5A798C8A}.Debug|Any CPU.Build.0 = Debug|Any CPU
		{A2DB2309-BBB8-4145-AFAF-618A5A798C8A}.Release|Any CPU.ActiveCfg = Release|Any CPU
		{A2DB2309-BBB8-4145-AFAF-618A5A798C8A}.Release|Any CPU.Build.0 = Release|Any CPU
		{F35279F0-DF62-424C-93EE-36920EBECD64}.Debug|Any CPU.ActiveCfg = Debug|Any CPU
		{F35279F0-DF62-424C-93EE-36920EBECD64}.Debug|Any CPU.Build.0 = Debug|Any CPU
		{F35279F0-DF62-424C-93EE-36920EBECD64}.Release|Any CPU.ActiveCfg = Release|Any CPU
		{F35279F0-DF62-424C-93EE-36920EBECD64}.Release|Any CPU.Build.0 = Release|Any CPU
		{D0406DE8-35F2-46B6-8428-FC232A932F78}.Debug|Any CPU.ActiveCfg = Debug|Any CPU
		{D0406DE8-35F2-46B6-8428-FC232A932F78}.Debug|Any CPU.Build.0 = Debug|Any CPU
		{D0406DE8-35F2-46B6-8428-FC232A932F78}.Release|Any CPU.ActiveCfg = Release|Any CPU
		{D0406DE8-35F2-46B6-8428-FC232A932F78}.Release|Any CPU.Build.0 = Release|Any CPU
		{D3813C86-34EC-4CCD-AF54-DFEF474A1FA1}.Debug|Any CPU.ActiveCfg = Debug|Any CPU
		{D3813C86-34EC-4CCD-AF54-DFEF474A1FA1}.Debug|Any CPU.Build.0 = Debug|Any CPU
		{D3813C86-34EC-4CCD-AF54-DFEF474A1FA1}.Release|Any CPU.ActiveCfg = Release|Any CPU
		{D3813C86-34EC-4CCD-AF54-DFEF474A1FA1}.Release|Any CPU.Build.0 = Release|Any CPU
		{729A1623-1EAC-40DD-928E-568EB4CB20E5}.Debug|Any CPU.ActiveCfg = Debug|Any CPU
		{729A1623-1EAC-40DD-928E-568EB4CB20E5}.Debug|Any CPU.Build.0 = Debug|Any CPU
		{729A1623-1EAC-40DD-928E-568EB4CB20E5}.Release|Any CPU.ActiveCfg = Release|Any CPU
		{729A1623-1EAC-40DD-928E-568EB4CB20E5}.Release|Any CPU.Build.0 = Release|Any CPU
		{63E8B020-75BC-4648-BE02-CCE7F8E55361}.Debug|Any CPU.ActiveCfg = Debug|Any CPU
		{63E8B020-75BC-4648-BE02-CCE7F8E55361}.Debug|Any CPU.Build.0 = Debug|Any CPU
		{63E8B020-75BC-4648-BE02-CCE7F8E55361}.Release|Any CPU.ActiveCfg = Release|Any CPU
		{63E8B020-75BC-4648-BE02-CCE7F8E55361}.Release|Any CPU.Build.0 = Release|Any CPU
		{3D7F2C07-1856-4DE8-895A-EC44F39C31C5}.Debug|Any CPU.ActiveCfg = Debug|Any CPU
		{3D7F2C07-1856-4DE8-895A-EC44F39C31C5}.Debug|Any CPU.Build.0 = Debug|Any CPU
		{3D7F2C07-1856-4DE8-895A-EC44F39C31C5}.Release|Any CPU.ActiveCfg = Release|Any CPU
		{3D7F2C07-1856-4DE8-895A-EC44F39C31C5}.Release|Any CPU.Build.0 = Release|Any CPU
		{F71EBBFB-AEC7-486D-AF50-CD62DFAB72D7}.Debug|Any CPU.ActiveCfg = Debug|Any CPU
		{F71EBBFB-AEC7-486D-AF50-CD62DFAB72D7}.Debug|Any CPU.Build.0 = Debug|Any CPU
		{F71EBBFB-AEC7-486D-AF50-CD62DFAB72D7}.Release|Any CPU.ActiveCfg = Release|Any CPU
		{F71EBBFB-AEC7-486D-AF50-CD62DFAB72D7}.Release|Any CPU.Build.0 = Release|Any CPU
	EndGlobalSection
	GlobalSection(SolutionProperties) = preSolution
		HideSolutionNode = FALSE
	EndGlobalSection
	GlobalSection(NestedProjects) = preSolution
		{69B66E8F-A53B-4379-96B7-E10E6B48F70E} = {8158344B-1068-4679-8E3F-4179ACBB2365}
		{3C85F422-9C30-4D5E-BFD8-BC7F26FDD267} = {69B66E8F-A53B-4379-96B7-E10E6B48F70E}
		{A2DB2309-BBB8-4145-AFAF-618A5A798C8A} = {6299F28E-E288-44EE-B3CF-6A00836FE701}
		{F35279F0-DF62-424C-93EE-36920EBECD64} = {90F40431-075C-481E-8CE7-956B0484745D}
		{90F40431-075C-481E-8CE7-956B0484745D} = {8158344B-1068-4679-8E3F-4179ACBB2365}
		{D0406DE8-35F2-46B6-8428-FC232A932F78} = {90F40431-075C-481E-8CE7-956B0484745D}
		{C57D2E7B-DC26-4B44-96B5-95C50AAC3234} = {8158344B-1068-4679-8E3F-4179ACBB2365}
		{D3813C86-34EC-4CCD-AF54-DFEF474A1FA1} = {C57D2E7B-DC26-4B44-96B5-95C50AAC3234}
		{729A1623-1EAC-40DD-928E-568EB4CB20E5} = {69B66E8F-A53B-4379-96B7-E10E6B48F70E}
		{63E8B020-75BC-4648-BE02-CCE7F8E55361} = {CFECDF57-2706-4642-B309-35E834057846}
		{3D7F2C07-1856-4DE8-895A-EC44F39C31C5} = {EAC27C84-0A97-447B-ABE9-CB895F24EF1E}
		{EAC27C84-0A97-447B-ABE9-CB895F24EF1E} = {8158344B-1068-4679-8E3F-4179ACBB2365}
		{F71EBBFB-AEC7-486D-AF50-CD62DFAB72D7} = {EAC27C84-0A97-447B-ABE9-CB895F24EF1E}
	EndGlobalSection
	GlobalSection(ExtensibilityGlobals) = postSolution
		SolutionGuid = {5A55E12F-D53C-4812-B29C-0DA814974DF0}
	EndGlobalSection
EndGlobal
